
Microsoft Visual Studio Solution File, Format Version 12.00
# Visual Studio Version 17
VisualStudioVersion = 17.2.32630.192
MinimumVisualStudioVersion = 10.0.40219.1
Project("{2150E333-8FDC-42A3-9474-1A3956D46DE8}") = "Modul002_Variablen Datentypen und Konventierung", "Modul002_Variablen Datentypen und Konventierung", "{788A6DE6-8ED6-4847-BC74-D87B35FB3F00}"
EndProject
Project("{9A19103F-16F7-4668-BE54-9A1E7A4F7556}") = "Modul002Demo", "Modul002Demo\Modul002Demo.csproj", "{65B95689-40BC-440E-A8EC-23178EC1029F}"
EndProject
Project("{2150E333-8FDC-42A3-9474-1A3956D46DE8}") = "Modul003_Arrays und Bedingungen", "Modul003_Arrays und Bedingungen", "{63078869-BDCE-4E0E-B259-FAAC5B30EFED}"
EndProject
Project("{9A19103F-16F7-4668-BE54-9A1E7A4F7556}") = "Modul003Demo", "Modul003Demo\Modul003Demo.csproj", "{25BBBFF2-5AD0-4C6C-BAEA-822604664C77}"
EndProject
Project("{9A19103F-16F7-4668-BE54-9A1E7A4F7556}") = "Modul003LAB", "Modul003LAB\Modul003LAB.csproj", "{269B5DF5-F6DC-455F-B6FF-5537EEE936A0}"
EndProject
Project("{2150E333-8FDC-42A3-9474-1A3956D46DE8}") = "Modul004_Schleifen und Enums", "Modul004_Schleifen und Enums", "{CC5A7A39-5620-4BDE-AFBF-47F8B1D7938E}"
EndProject
Project("{9A19103F-16F7-4668-BE54-9A1E7A4F7556}") = "Modul004Demo", "Modul004Demo\Modul004Demo.csproj", "{51AA97DC-0C66-4D37-8BE0-080CA679786F}"
EndProject
Project("{9A19103F-16F7-4668-BE54-9A1E7A4F7556}") = "Modul004Lab", "Modul004Lab\Modul004Lab.csproj", "{171BED57-7539-4D5B-BD02-DB242D21AFDE}"
EndProject
Project("{2150E333-8FDC-42A3-9474-1A3956D46DE8}") = "Modul005_Funktionen", "Modul005_Funktionen", "{5DB4853B-F589-40CB-9DC3-41CE269B8BBC}"
EndProject
Project("{9A19103F-16F7-4668-BE54-9A1E7A4F7556}") = "Modul005Demo", "Modul005Demo\Modul005Demo.csproj", "{029AFCFE-E291-44CE-AA74-740C68CAD4E4}"
EndProject
Project("{2150E333-8FDC-42A3-9474-1A3956D46DE8}") = "WiederholungTag1", "WiederholungTag1", "{D42C6C81-0BBB-4644-AD04-9D4407AD6769}"
EndProject
Project("{9A19103F-16F7-4668-BE54-9A1E7A4F7556}") = "WiederholungTag1", "WiederholungTag1\WiederholungTag1.csproj", "{656CD27E-551F-41DA-91E1-C50D1793B4FD}"
EndProject
Project("{2150E333-8FDC-42A3-9474-1A3956D46DE8}") = "Solution Items", "Solution Items", "{80F9A31A-2C88-4C4F-9A72-65A4C782BF50}"
	ProjectSection(SolutionItems) = preProject
		Internet_Links.txt = Internet_Links.txt
		WunschListe.txt = WunschListe.txt
	EndProjectSection
EndProject
Project("{2150E333-8FDC-42A3-9474-1A3956D46DE8}") = "Modul006_Namespaces_Klassen_Felder_Eigenschaften", "Modul006_Namespaces_Klassen_Felder_Eigenschaften", "{88796213-220A-45B2-87BB-EC3CE5BCC047}"
EndProject
Project("{9A19103F-16F7-4668-BE54-9A1E7A4F7556}") = "Modul006Demo_NamespaceSample", "Modul006Demo_NamespaceSample\Modul006Demo_NamespaceSample.csproj", "{06939FA7-20C8-4706-BBED-13A0E1502CD8}"
EndProject
Project("{9A19103F-16F7-4668-BE54-9A1E7A4F7556}") = "Modul006Demo", "Modul006Demo\Modul006Demo.csproj", "{023D9E5C-EDB3-44D1-BF30-0A8293709E55}"
EndProject
Project("{9A19103F-16F7-4668-BE54-9A1E7A4F7556}") = "Modul006Lab", "Modul006Lab\Modul006Lab.csproj", "{7C7344A3-7FB1-4B3B-94A6-0344582D8E12}"
EndProject
Project("{2150E333-8FDC-42A3-9474-1A3956D46DE8}") = "Modul007_statischeMethoden_Referenzen", "Modul007_statischeMethoden_Referenzen", "{CD748A27-BBC7-4F50-A532-C5A8F2B5D4DC}"
EndProject
Project("{9A19103F-16F7-4668-BE54-9A1E7A4F7556}") = "Modul007Demo", "Modul007Demo\Modul007Demo.csproj", "{C729E0F4-4EDA-4FED-852C-63727688D67B}"
EndProject
Project("{2150E333-8FDC-42A3-9474-1A3956D46DE8}") = "Modul008_Vererbung", "Modul008_Vererbung", "{B97F47F3-526C-4674-8B52-DB410D64BCE8}"
EndProject
Project("{9A19103F-16F7-4668-BE54-9A1E7A4F7556}") = "Modul008Demo", "Modul008Demo\Modul008Demo.csproj", "{0F18E0E6-D4A3-4B85-B41F-61EB662EF480}"
EndProject
Project("{9A19103F-16F7-4668-BE54-9A1E7A4F7556}") = "Momdul007Lab", "Momdul007Lab\Momdul007Lab.csproj", "{748F1E25-DC34-4CC4-B325-4DDD6768AB6C}"
EndProject
Project("{9A19103F-16F7-4668-BE54-9A1E7A4F7556}") = "Modul008Lab", "Modul008Lab\Modul008Lab.csproj", "{EB41C489-56D0-45FC-B55A-80AD82840213}"
EndProject
Project("{2150E333-8FDC-42A3-9474-1A3956D46DE8}") = "Modul009_Polymorphy", "Modul009_Polymorphy", "{54A99BD1-ABF6-4233-A14E-751697E92315}"
EndProject
Project("{9A19103F-16F7-4668-BE54-9A1E7A4F7556}") = "Modul009Demo", "Modul009Demo\Modul009Demo.csproj", "{872989A4-4BD0-44D6-ABE8-9055B03F709E}"
EndProject
Project("{9A19103F-16F7-4668-BE54-9A1E7A4F7556}") = "Modul009_AbstractDemo", "Modul009_AbstractDemo\Modul009_AbstractDemo.csproj", "{093D7B1A-5E03-4403-A9BA-1C549C835669}"
EndProject
Project("{2150E333-8FDC-42A3-9474-1A3956D46DE8}") = "Modul010_OOP Interfaces", "Modul010_OOP Interfaces", "{67A13147-3DEB-41EA-A229-D958762F2EF7}"
EndProject
Project("{9A19103F-16F7-4668-BE54-9A1E7A4F7556}") = "Modul010Demo", "Modul010Demo\Modul010Demo.csproj", "{B612632E-B1A6-4DE3-A4C1-60B6E2C21DE7}"
EndProject
Project("{FAE04EC0-301F-11D3-BF4B-00C04F79EFBC}") = "Modul010Lab", "Modul010Lab\Modul010Lab.csproj", "{E7F1DAA7-B6C5-4D09-95FE-2C1F3B9F8225}"
EndProject
Project("{2150E333-8FDC-42A3-9474-1A3956D46DE8}") = "Modul011_GenericsLists", "Modul011_GenericsLists", "{A7DE35C8-4C8D-4CB7-8200-9E246C3CB9CD}"
EndProject
Project("{FAE04EC0-301F-11D3-BF4B-00C04F79EFBC}") = "Modul011Demo", "Modul011Demo\Modul011Demo.csproj", "{23B46DA5-AE4B-421C-93BF-09A61475DE40}"
EndProject
Project("{9A19103F-16F7-4668-BE54-9A1E7A4F7556}") = "Modul11Demo_DictionaryUseCase", "Modul11Demo_DictionaryUseCase\Modul11Demo_DictionaryUseCase.csproj", "{7DB975F4-8A0E-472F-A978-9064658155D3}"
EndProject
Project("{2150E333-8FDC-42A3-9474-1A3956D46DE8}") = "Modul012_Fehlerbehandlung", "Modul012_Fehlerbehandlung", "{EF210891-0336-4DAE-8A84-A5077C3F0B48}"
EndProject
Project("{FAE04EC0-301F-11D3-BF4B-00C04F79EFBC}") = "CalculationLibrary", "CalculationLibrary\CalculationLibrary.csproj", "{8A5046AE-F122-4A20-B04A-FE4319685905}"
EndProject
Project("{FAE04EC0-301F-11D3-BF4B-00C04F79EFBC}") = "CalculatorApp", "CalculatorApp\CalculatorApp.csproj", "{87BDD1B6-7EFD-4605-B375-3EE960AED30A}"
EndProject
Project("{2150E333-8FDC-42A3-9474-1A3956D46DE8}") = "Modul013_DelegatesEvents", "Modul013_DelegatesEvents", "{E5DA5437-FBB5-4DD0-B32D-8B065BC9A999}"
EndProject
Project("{FAE04EC0-301F-11D3-BF4B-00C04F79EFBC}") = "Modul013Demo", "Modul013Demo\Modul013Demo.csproj", "{4B935C77-6DDB-40AB-B948-049B8415BB9A}"
EndProject
Project("{2150E333-8FDC-42A3-9474-1A3956D46DE8}") = "Modul014 und 15_Erweiterungs_und LinqLambda", "Modul014 und 15_Erweiterungs_und LinqLambda", "{91A8785F-375F-450C-9B75-484B35F2521D}"
EndProject
Project("{FAE04EC0-301F-11D3-BF4B-00C04F79EFBC}") = "Modul1415Demo", "Modul1415Demo\Modul1415Demo.csproj", "{AA964DA4-687F-44F9-AFB2-81AD9894CDE0}"
EndProject
Global
	GlobalSection(SolutionConfigurationPlatforms) = preSolution
		Debug|Any CPU = Debug|Any CPU
		Release|Any CPU = Release|Any CPU
	EndGlobalSection
	GlobalSection(ProjectConfigurationPlatforms) = postSolution
		{65B95689-40BC-440E-A8EC-23178EC1029F}.Debug|Any CPU.ActiveCfg = Debug|Any CPU
		{65B95689-40BC-440E-A8EC-23178EC1029F}.Debug|Any CPU.Build.0 = Debug|Any CPU
		{65B95689-40BC-440E-A8EC-23178EC1029F}.Release|Any CPU.ActiveCfg = Release|Any CPU
		{65B95689-40BC-440E-A8EC-23178EC1029F}.Release|Any CPU.Build.0 = Release|Any CPU
		{25BBBFF2-5AD0-4C6C-BAEA-822604664C77}.Debug|Any CPU.ActiveCfg = Debug|Any CPU
		{25BBBFF2-5AD0-4C6C-BAEA-822604664C77}.Debug|Any CPU.Build.0 = Debug|Any CPU
		{25BBBFF2-5AD0-4C6C-BAEA-822604664C77}.Release|Any CPU.ActiveCfg = Release|Any CPU
		{25BBBFF2-5AD0-4C6C-BAEA-822604664C77}.Release|Any CPU.Build.0 = Release|Any CPU
		{269B5DF5-F6DC-455F-B6FF-5537EEE936A0}.Debug|Any CPU.ActiveCfg = Debug|Any CPU
		{269B5DF5-F6DC-455F-B6FF-5537EEE936A0}.Debug|Any CPU.Build.0 = Debug|Any CPU
		{269B5DF5-F6DC-455F-B6FF-5537EEE936A0}.Release|Any CPU.ActiveCfg = Release|Any CPU
		{269B5DF5-F6DC-455F-B6FF-5537EEE936A0}.Release|Any CPU.Build.0 = Release|Any CPU
		{51AA97DC-0C66-4D37-8BE0-080CA679786F}.Debug|Any CPU.ActiveCfg = Debug|Any CPU
		{51AA97DC-0C66-4D37-8BE0-080CA679786F}.Debug|Any CPU.Build.0 = Debug|Any CPU
		{51AA97DC-0C66-4D37-8BE0-080CA679786F}.Release|Any CPU.ActiveCfg = Release|Any CPU
		{51AA97DC-0C66-4D37-8BE0-080CA679786F}.Release|Any CPU.Build.0 = Release|Any CPU
		{171BED57-7539-4D5B-BD02-DB242D21AFDE}.Debug|Any CPU.ActiveCfg = Debug|Any CPU
		{171BED57-7539-4D5B-BD02-DB242D21AFDE}.Debug|Any CPU.Build.0 = Debug|Any CPU
		{171BED57-7539-4D5B-BD02-DB242D21AFDE}.Release|Any CPU.ActiveCfg = Release|Any CPU
		{171BED57-7539-4D5B-BD02-DB242D21AFDE}.Release|Any CPU.Build.0 = Release|Any CPU
		{029AFCFE-E291-44CE-AA74-740C68CAD4E4}.Debug|Any CPU.ActiveCfg = Debug|Any CPU
		{029AFCFE-E291-44CE-AA74-740C68CAD4E4}.Debug|Any CPU.Build.0 = Debug|Any CPU
		{029AFCFE-E291-44CE-AA74-740C68CAD4E4}.Release|Any CPU.ActiveCfg = Release|Any CPU
		{029AFCFE-E291-44CE-AA74-740C68CAD4E4}.Release|Any CPU.Build.0 = Release|Any CPU
		{656CD27E-551F-41DA-91E1-C50D1793B4FD}.Debug|Any CPU.ActiveCfg = Debug|Any CPU
		{656CD27E-551F-41DA-91E1-C50D1793B4FD}.Debug|Any CPU.Build.0 = Debug|Any CPU
		{656CD27E-551F-41DA-91E1-C50D1793B4FD}.Release|Any CPU.ActiveCfg = Release|Any CPU
		{656CD27E-551F-41DA-91E1-C50D1793B4FD}.Release|Any CPU.Build.0 = Release|Any CPU
		{06939FA7-20C8-4706-BBED-13A0E1502CD8}.Debug|Any CPU.ActiveCfg = Debug|Any CPU
		{06939FA7-20C8-4706-BBED-13A0E1502CD8}.Debug|Any CPU.Build.0 = Debug|Any CPU
		{06939FA7-20C8-4706-BBED-13A0E1502CD8}.Release|Any CPU.ActiveCfg = Release|Any CPU
		{06939FA7-20C8-4706-BBED-13A0E1502CD8}.Release|Any CPU.Build.0 = Release|Any CPU
		{023D9E5C-EDB3-44D1-BF30-0A8293709E55}.Debug|Any CPU.ActiveCfg = Debug|Any CPU
		{023D9E5C-EDB3-44D1-BF30-0A8293709E55}.Debug|Any CPU.Build.0 = Debug|Any CPU
		{023D9E5C-EDB3-44D1-BF30-0A8293709E55}.Release|Any CPU.ActiveCfg = Release|Any CPU
		{023D9E5C-EDB3-44D1-BF30-0A8293709E55}.Release|Any CPU.Build.0 = Release|Any CPU
		{7C7344A3-7FB1-4B3B-94A6-0344582D8E12}.Debug|Any CPU.ActiveCfg = Debug|Any CPU
		{7C7344A3-7FB1-4B3B-94A6-0344582D8E12}.Debug|Any CPU.Build.0 = Debug|Any CPU
		{7C7344A3-7FB1-4B3B-94A6-0344582D8E12}.Release|Any CPU.ActiveCfg = Release|Any CPU
		{7C7344A3-7FB1-4B3B-94A6-0344582D8E12}.Release|Any CPU.Build.0 = Release|Any CPU
		{C729E0F4-4EDA-4FED-852C-63727688D67B}.Debug|Any CPU.ActiveCfg = Debug|Any CPU
		{C729E0F4-4EDA-4FED-852C-63727688D67B}.Debug|Any CPU.Build.0 = Debug|Any CPU
		{C729E0F4-4EDA-4FED-852C-63727688D67B}.Release|Any CPU.ActiveCfg = Release|Any CPU
		{C729E0F4-4EDA-4FED-852C-63727688D67B}.Release|Any CPU.Build.0 = Release|Any CPU
		{0F18E0E6-D4A3-4B85-B41F-61EB662EF480}.Debug|Any CPU.ActiveCfg = Debug|Any CPU
		{0F18E0E6-D4A3-4B85-B41F-61EB662EF480}.Debug|Any CPU.Build.0 = Debug|Any CPU
		{0F18E0E6-D4A3-4B85-B41F-61EB662EF480}.Release|Any CPU.ActiveCfg = Release|Any CPU
		{0F18E0E6-D4A3-4B85-B41F-61EB662EF480}.Release|Any CPU.Build.0 = Release|Any CPU
		{748F1E25-DC34-4CC4-B325-4DDD6768AB6C}.Debug|Any CPU.ActiveCfg = Debug|Any CPU
		{748F1E25-DC34-4CC4-B325-4DDD6768AB6C}.Debug|Any CPU.Build.0 = Debug|Any CPU
		{748F1E25-DC34-4CC4-B325-4DDD6768AB6C}.Release|Any CPU.ActiveCfg = Release|Any CPU
		{748F1E25-DC34-4CC4-B325-4DDD6768AB6C}.Release|Any CPU.Build.0 = Release|Any CPU
		{EB41C489-56D0-45FC-B55A-80AD82840213}.Debug|Any CPU.ActiveCfg = Debug|Any CPU
		{EB41C489-56D0-45FC-B55A-80AD82840213}.Debug|Any CPU.Build.0 = Debug|Any CPU
		{EB41C489-56D0-45FC-B55A-80AD82840213}.Release|Any CPU.ActiveCfg = Release|Any CPU
		{EB41C489-56D0-45FC-B55A-80AD82840213}.Release|Any CPU.Build.0 = Release|Any CPU
		{872989A4-4BD0-44D6-ABE8-9055B03F709E}.Debug|Any CPU.ActiveCfg = Debug|Any CPU
		{872989A4-4BD0-44D6-ABE8-9055B03F709E}.Debug|Any CPU.Build.0 = Debug|Any CPU
		{872989A4-4BD0-44D6-ABE8-9055B03F709E}.Release|Any CPU.ActiveCfg = Release|Any CPU
		{872989A4-4BD0-44D6-ABE8-9055B03F709E}.Release|Any CPU.Build.0 = Release|Any CPU
		{093D7B1A-5E03-4403-A9BA-1C549C835669}.Debug|Any CPU.ActiveCfg = Debug|Any CPU
		{093D7B1A-5E03-4403-A9BA-1C549C835669}.Debug|Any CPU.Build.0 = Debug|Any CPU
		{093D7B1A-5E03-4403-A9BA-1C549C835669}.Release|Any CPU.ActiveCfg = Release|Any CPU
		{093D7B1A-5E03-4403-A9BA-1C549C835669}.Release|Any CPU.Build.0 = Release|Any CPU
		{B612632E-B1A6-4DE3-A4C1-60B6E2C21DE7}.Debug|Any CPU.ActiveCfg = Debug|Any CPU
		{B612632E-B1A6-4DE3-A4C1-60B6E2C21DE7}.Debug|Any CPU.Build.0 = Debug|Any CPU
		{B612632E-B1A6-4DE3-A4C1-60B6E2C21DE7}.Release|Any CPU.ActiveCfg = Release|Any CPU
		{B612632E-B1A6-4DE3-A4C1-60B6E2C21DE7}.Release|Any CPU.Build.0 = Release|Any CPU
		{E7F1DAA7-B6C5-4D09-95FE-2C1F3B9F8225}.Debug|Any CPU.ActiveCfg = Debug|Any CPU
		{E7F1DAA7-B6C5-4D09-95FE-2C1F3B9F8225}.Debug|Any CPU.Build.0 = Debug|Any CPU
		{E7F1DAA7-B6C5-4D09-95FE-2C1F3B9F8225}.Release|Any CPU.ActiveCfg = Release|Any CPU
		{E7F1DAA7-B6C5-4D09-95FE-2C1F3B9F8225}.Release|Any CPU.Build.0 = Release|Any CPU
		{23B46DA5-AE4B-421C-93BF-09A61475DE40}.Debug|Any CPU.ActiveCfg = Debug|Any CPU
		{23B46DA5-AE4B-421C-93BF-09A61475DE40}.Debug|Any CPU.Build.0 = Debug|Any CPU
		{23B46DA5-AE4B-421C-93BF-09A61475DE40}.Release|Any CPU.ActiveCfg = Release|Any CPU
		{23B46DA5-AE4B-421C-93BF-09A61475DE40}.Release|Any CPU.Build.0 = Release|Any CPU
		{7DB975F4-8A0E-472F-A978-9064658155D3}.Debug|Any CPU.ActiveCfg = Debug|Any CPU
		{7DB975F4-8A0E-472F-A978-9064658155D3}.Debug|Any CPU.Build.0 = Debug|Any CPU
		{7DB975F4-8A0E-472F-A978-9064658155D3}.Release|Any CPU.ActiveCfg = Release|Any CPU
		{7DB975F4-8A0E-472F-A978-9064658155D3}.Release|Any CPU.Build.0 = Release|Any CPU
		{8A5046AE-F122-4A20-B04A-FE4319685905}.Debug|Any CPU.ActiveCfg = Debug|Any CPU
		{8A5046AE-F122-4A20-B04A-FE4319685905}.Debug|Any CPU.Build.0 = Debug|Any CPU
		{8A5046AE-F122-4A20-B04A-FE4319685905}.Release|Any CPU.ActiveCfg = Release|Any CPU
		{8A5046AE-F122-4A20-B04A-FE4319685905}.Release|Any CPU.Build.0 = Release|Any CPU
		{87BDD1B6-7EFD-4605-B375-3EE960AED30A}.Debug|Any CPU.ActiveCfg = Debug|Any CPU
		{87BDD1B6-7EFD-4605-B375-3EE960AED30A}.Debug|Any CPU.Build.0 = Debug|Any CPU
		{87BDD1B6-7EFD-4605-B375-3EE960AED30A}.Release|Any CPU.ActiveCfg = Release|Any CPU
		{87BDD1B6-7EFD-4605-B375-3EE960AED30A}.Release|Any CPU.Build.0 = Release|Any CPU
		{4B935C77-6DDB-40AB-B948-049B8415BB9A}.Debug|Any CPU.ActiveCfg = Debug|Any CPU
		{4B935C77-6DDB-40AB-B948-049B8415BB9A}.Debug|Any CPU.Build.0 = Debug|Any CPU
		{4B935C77-6DDB-40AB-B948-049B8415BB9A}.Release|Any CPU.ActiveCfg = Release|Any CPU
		{4B935C77-6DDB-40AB-B948-049B8415BB9A}.Release|Any CPU.Build.0 = Release|Any CPU
		{AA964DA4-687F-44F9-AFB2-81AD9894CDE0}.Debug|Any CPU.ActiveCfg = Debug|Any CPU
		{AA964DA4-687F-44F9-AFB2-81AD9894CDE0}.Debug|Any CPU.Build.0 = Debug|Any CPU
		{AA964DA4-687F-44F9-AFB2-81AD9894CDE0}.Release|Any CPU.ActiveCfg = Release|Any CPU
		{AA964DA4-687F-44F9-AFB2-81AD9894CDE0}.Release|Any CPU.Build.0 = Release|Any CPU
	EndGlobalSection
	GlobalSection(SolutionProperties) = preSolution
		HideSolutionNode = FALSE
	EndGlobalSection
	GlobalSection(NestedProjects) = preSolution
		{65B95689-40BC-440E-A8EC-23178EC1029F} = {788A6DE6-8ED6-4847-BC74-D87B35FB3F00}
		{25BBBFF2-5AD0-4C6C-BAEA-822604664C77} = {63078869-BDCE-4E0E-B259-FAAC5B30EFED}
		{269B5DF5-F6DC-455F-B6FF-5537EEE936A0} = {63078869-BDCE-4E0E-B259-FAAC5B30EFED}
		{51AA97DC-0C66-4D37-8BE0-080CA679786F} = {CC5A7A39-5620-4BDE-AFBF-47F8B1D7938E}
		{171BED57-7539-4D5B-BD02-DB242D21AFDE} = {CC5A7A39-5620-4BDE-AFBF-47F8B1D7938E}
		{029AFCFE-E291-44CE-AA74-740C68CAD4E4} = {5DB4853B-F589-40CB-9DC3-41CE269B8BBC}
		{656CD27E-551F-41DA-91E1-C50D1793B4FD} = {D42C6C81-0BBB-4644-AD04-9D4407AD6769}
		{06939FA7-20C8-4706-BBED-13A0E1502CD8} = {88796213-220A-45B2-87BB-EC3CE5BCC047}
		{023D9E5C-EDB3-44D1-BF30-0A8293709E55} = {88796213-220A-45B2-87BB-EC3CE5BCC047}
		{7C7344A3-7FB1-4B3B-94A6-0344582D8E12} = {88796213-220A-45B2-87BB-EC3CE5BCC047}
		{C729E0F4-4EDA-4FED-852C-63727688D67B} = {CD748A27-BBC7-4F50-A532-C5A8F2B5D4DC}
		{0F18E0E6-D4A3-4B85-B41F-61EB662EF480} = {B97F47F3-526C-4674-8B52-DB410D64BCE8}
		{748F1E25-DC34-4CC4-B325-4DDD6768AB6C} = {CD748A27-BBC7-4F50-A532-C5A8F2B5D4DC}
		{EB41C489-56D0-45FC-B55A-80AD82840213} = {B97F47F3-526C-4674-8B52-DB410D64BCE8}
		{872989A4-4BD0-44D6-ABE8-9055B03F709E} = {54A99BD1-ABF6-4233-A14E-751697E92315}
		{093D7B1A-5E03-4403-A9BA-1C549C835669} = {54A99BD1-ABF6-4233-A14E-751697E92315}
		{B612632E-B1A6-4DE3-A4C1-60B6E2C21DE7} = {67A13147-3DEB-41EA-A229-D958762F2EF7}
		{E7F1DAA7-B6C5-4D09-95FE-2C1F3B9F8225} = {67A13147-3DEB-41EA-A229-D958762F2EF7}
		{23B46DA5-AE4B-421C-93BF-09A61475DE40} = {A7DE35C8-4C8D-4CB7-8200-9E246C3CB9CD}
		{7DB975F4-8A0E-472F-A978-9064658155D3} = {A7DE35C8-4C8D-4CB7-8200-9E246C3CB9CD}
		{8A5046AE-F122-4A20-B04A-FE4319685905} = {EF210891-0336-4DAE-8A84-A5077C3F0B48}
		{87BDD1B6-7EFD-4605-B375-3EE960AED30A} = {EF210891-0336-4DAE-8A84-A5077C3F0B48}
		{4B935C77-6DDB-40AB-B948-049B8415BB9A} = {E5DA5437-FBB5-4DD0-B32D-8B065BC9A999}
		{AA964DA4-687F-44F9-AFB2-81AD9894CDE0} = {91A8785F-375F-450C-9B75-484B35F2521D}
	EndGlobalSection
	GlobalSection(ExtensibilityGlobals) = postSolution
		SolutionGuid = {A1A4CC0B-0B82-4EC1-9002-150208E36A82}
	EndGlobalSection
EndGlobal
