
Microsoft Visual Studio Solution File, Format Version 12.00
# Visual Studio Version 17
VisualStudioVersion = 17.2.32630.192
MinimumVisualStudioVersion = 10.0.40219.1
Project("{2150E333-8FDC-42A3-9474-1A3956D46DE8}") = "Modul002_Variablen Datentypen und Konventierung", "Modul002_Variablen Datentypen und Konventierung", "{788A6DE6-8ED6-4847-BC74-D87B35FB3F00}"
EndProject
Project("{FAE04EC0-301F-11D3-BF4B-00C04F79EFBC}") = "Modul002Demo", "Modul002Demo\Modul002Demo.csproj", "{65B95689-40BC-440E-A8EC-23178EC1029F}"
EndProject
Project("{2150E333-8FDC-42A3-9474-1A3956D46DE8}") = "Modul003_Arrays und Bedingungen", "Modul003_Arrays und Bedingungen", "{63078869-BDCE-4E0E-B259-FAAC5B30EFED}"
EndProject
Project("{FAE04EC0-301F-11D3-BF4B-00C04F79EFBC}") = "Modul003Demo", "Modul003Demo\Modul003Demo.csproj", "{25BBBFF2-5AD0-4C6C-BAEA-822604664C77}"
EndProject
Project("{FAE04EC0-301F-11D3-BF4B-00C04F79EFBC}") = "Modul003LAB", "Modul003LAB\Modul003LAB.csproj", "{269B5DF5-F6DC-455F-B6FF-5537EEE936A0}"
EndProject
Project("{2150E333-8FDC-42A3-9474-1A3956D46DE8}") = "Modul004_Schleifen und Enums", "Modul004_Schleifen und Enums", "{CC5A7A39-5620-4BDE-AFBF-47F8B1D7938E}"
EndProject
Project("{FAE04EC0-301F-11D3-BF4B-00C04F79EFBC}") = "Modul004Demo", "Modul004Demo\Modul004Demo.csproj", "{51AA97DC-0C66-4D37-8BE0-080CA679786F}"
EndProject
Project("{FAE04EC0-301F-11D3-BF4B-00C04F79EFBC}") = "Modul004Lab", "Modul004Lab\Modul004Lab.csproj", "{171BED57-7539-4D5B-BD02-DB242D21AFDE}"
EndProject
Project("{2150E333-8FDC-42A3-9474-1A3956D46DE8}") = "Modul005_Funktionen", "Modul005_Funktionen", "{5DB4853B-F589-40CB-9DC3-41CE269B8BBC}"
EndProject
Project("{FAE04EC0-301F-11D3-BF4B-00C04F79EFBC}") = "Modul005Demo", "Modul005Demo\Modul005Demo.csproj", "{029AFCFE-E291-44CE-AA74-740C68CAD4E4}"
EndProject
Global
	GlobalSection(SolutionConfigurationPlatforms) = preSolution
		Debug|Any CPU = Debug|Any CPU
		Release|Any CPU = Release|Any CPU
	EndGlobalSection
	GlobalSection(ProjectConfigurationPlatforms) = postSolution
		{65B95689-40BC-440E-A8EC-23178EC1029F}.Debug|Any CPU.ActiveCfg = Debug|Any CPU
		{65B95689-40BC-440E-A8EC-23178EC1029F}.Debug|Any CPU.Build.0 = Debug|Any CPU
		{65B95689-40BC-440E-A8EC-23178EC1029F}.Release|Any CPU.ActiveCfg = Release|Any CPU
		{65B95689-40BC-440E-A8EC-23178EC1029F}.Release|Any CPU.Build.0 = Release|Any CPU
		{25BBBFF2-5AD0-4C6C-BAEA-822604664C77}.Debug|Any CPU.ActiveCfg = Debug|Any CPU
		{25BBBFF2-5AD0-4C6C-BAEA-822604664C77}.Debug|Any CPU.Build.0 = Debug|Any CPU
		{25BBBFF2-5AD0-4C6C-BAEA-822604664C77}.Release|Any CPU.ActiveCfg = Release|Any CPU
		{25BBBFF2-5AD0-4C6C-BAEA-822604664C77}.Release|Any CPU.Build.0 = Release|Any CPU
		{269B5DF5-F6DC-455F-B6FF-5537EEE936A0}.Debug|Any CPU.ActiveCfg = Debug|Any CPU
		{269B5DF5-F6DC-455F-B6FF-5537EEE936A0}.Debug|Any CPU.Build.0 = Debug|Any CPU
		{269B5DF5-F6DC-455F-B6FF-5537EEE936A0}.Release|Any CPU.ActiveCfg = Release|Any CPU
		{269B5DF5-F6DC-455F-B6FF-5537EEE936A0}.Release|Any CPU.Build.0 = Release|Any CPU
		{51AA97DC-0C66-4D37-8BE0-080CA679786F}.Debug|Any CPU.ActiveCfg = Debug|Any CPU
		{51AA97DC-0C66-4D37-8BE0-080CA679786F}.Debug|Any CPU.Build.0 = Debug|Any CPU
		{51AA97DC-0C66-4D37-8BE0-080CA679786F}.Release|Any CPU.ActiveCfg = Release|Any CPU
		{51AA97DC-0C66-4D37-8BE0-080CA679786F}.Release|Any CPU.Build.0 = Release|Any CPU
		{171BED57-7539-4D5B-BD02-DB242D21AFDE}.Debug|Any CPU.ActiveCfg = Debug|Any CPU
		{171BED57-7539-4D5B-BD02-DB242D21AFDE}.Debug|Any CPU.Build.0 = Debug|Any CPU
		{171BED57-7539-4D5B-BD02-DB242D21AFDE}.Release|Any CPU.ActiveCfg = Release|Any CPU
		{171BED57-7539-4D5B-BD02-DB242D21AFDE}.Release|Any CPU.Build.0 = Release|Any CPU
		{029AFCFE-E291-44CE-AA74-740C68CAD4E4}.Debug|Any CPU.ActiveCfg = Debug|Any CPU
		{029AFCFE-E291-44CE-AA74-740C68CAD4E4}.Debug|Any CPU.Build.0 = Debug|Any CPU
		{029AFCFE-E291-44CE-AA74-740C68CAD4E4}.Release|Any CPU.ActiveCfg = Release|Any CPU
		{029AFCFE-E291-44CE-AA74-740C68CAD4E4}.Release|Any CPU.Build.0 = Release|Any CPU
	EndGlobalSection
	GlobalSection(SolutionProperties) = preSolution
		HideSolutionNode = FALSE
	EndGlobalSection
	GlobalSection(NestedProjects) = preSolution
		{65B95689-40BC-440E-A8EC-23178EC1029F} = {788A6DE6-8ED6-4847-BC74-D87B35FB3F00}
		{25BBBFF2-5AD0-4C6C-BAEA-822604664C77} = {63078869-BDCE-4E0E-B259-FAAC5B30EFED}
		{269B5DF5-F6DC-455F-B6FF-5537EEE936A0} = {63078869-BDCE-4E0E-B259-FAAC5B30EFED}
		{51AA97DC-0C66-4D37-8BE0-080CA679786F} = {CC5A7A39-5620-4BDE-AFBF-47F8B1D7938E}
		{171BED57-7539-4D5B-BD02-DB242D21AFDE} = {CC5A7A39-5620-4BDE-AFBF-47F8B1D7938E}
		{029AFCFE-E291-44CE-AA74-740C68CAD4E4} = {5DB4853B-F589-40CB-9DC3-41CE269B8BBC}
	EndGlobalSection
	GlobalSection(ExtensibilityGlobals) = postSolution
		SolutionGuid = {A1A4CC0B-0B82-4EC1-9002-150208E36A82}
	EndGlobalSection
EndGlobal
